
Microsoft Visual Studio Solution File, Format Version 12.00
# Visual Studio Version 16
VisualStudioVersion = 16.0.30717.126
MinimumVisualStudioVersion = 10.0.40219.1
Project("{9A19103F-16F7-4668-BE54-9A1E7A4F7556}") = "YAGuard", "YAGuard\YAGuard.csproj", "{F088AC88-AE79-4934-B958-92B3278437C9}"
EndProject
Project("{9A19103F-16F7-4668-BE54-9A1E7A4F7556}") = "YAGuard.Test", "YAGuard.Test\YAGuard.Test.csproj", "{E4029928-F346-4D19-960F-34AAFCCEEE4F}"
EndProject
Project("{2150E333-8FDC-42A3-9474-1A3956D46DE8}") = "Solution Items", "Solution Items", "{A68BDF9B-E89B-41D9-8332-6C96EE1DC1E2}"
	ProjectSection(SolutionItems) = preProject
		..\README.md = ..\README.md
	EndProjectSection
EndProject
Global
	GlobalSection(SolutionConfigurationPlatforms) = preSolution
		Debug|Any CPU = Debug|Any CPU
		Release|Any CPU = Release|Any CPU
	EndGlobalSection
	GlobalSection(ProjectConfigurationPlatforms) = postSolution
		{F088AC88-AE79-4934-B958-92B3278437C9}.Debug|Any CPU.ActiveCfg = Debug|Any CPU
		{F088AC88-AE79-4934-B958-92B3278437C9}.Debug|Any CPU.Build.0 = Debug|Any CPU
		{F088AC88-AE79-4934-B958-92B3278437C9}.Release|Any CPU.ActiveCfg = Release|Any CPU
		{F088AC88-AE79-4934-B958-92B3278437C9}.Release|Any CPU.Build.0 = Release|Any CPU
		{E4029928-F346-4D19-960F-34AAFCCEEE4F}.Debug|Any CPU.ActiveCfg = Debug|Any CPU
		{E4029928-F346-4D19-960F-34AAFCCEEE4F}.Debug|Any CPU.Build.0 = Debug|Any CPU
		{E4029928-F346-4D19-960F-34AAFCCEEE4F}.Release|Any CPU.ActiveCfg = Release|Any CPU
		{E4029928-F346-4D19-960F-34AAFCCEEE4F}.Release|Any CPU.Build.0 = Release|Any CPU
	EndGlobalSection
	GlobalSection(SolutionProperties) = preSolution
		HideSolutionNode = FALSE
	EndGlobalSection
	GlobalSection(ExtensibilityGlobals) = postSolution
		SolutionGuid = {E14E6D29-0AFE-400D-803F-93C952AFE690}
	EndGlobalSection
EndGlobal
